<?xml version="1.0" encoding="utf-8"?>
<Project ToolsVersion="4.0" xmlns="http://schemas.microsoft.com/developer/msbuild/2003">
  <ItemGroup>
    <Filter Include="Source Files">
      <UniqueIdentifier>{4FC737F1-C7A5-4376-A066-2A32D752A2FF}</UniqueIdentifier>
      <Extensions>cpp;c;cc;cxx;def;odl;idl;hpj;bat;asm;asmx</Extensions>
    </Filter>
    <Filter Include="Header Files">
      <UniqueIdentifier>{93995380-89BD-4b04-88EB-625FBE52EBFB}</UniqueIdentifier>
      <Extensions>h;hh;hpp;hxx;hm;inl;inc;xsd</Extensions>
    </Filter>
    <Filter Include="Resource Files">
      <UniqueIdentifier>{67DA6AB6-F800-4c08-8B7A-83BB121AAD01}</UniqueIdentifier>
      <Extensions>rc;ico;cur;bmp;dlg;rc2;rct;bin;rgs;gif;jpg;jpeg;jpe;resx;tiff;tif;png;wav;mfcribbon-ms</Extensions>
    </Filter>
    <Filter Include="Source Files\SQLite3">
      <UniqueIdentifier>{dfec4c87-bc98-41b3-ae2a-9c17855f5860}</UniqueIdentifier>
    </Filter>
    <Filter Include="Source Files\DB Models">
      <UniqueIdentifier>{d63b63fd-e0b6-41b3-ab25-234c31b2c23a}</UniqueIdentifier>
    </Filter>
    <Filter Include="Source Files\Utils">
      <UniqueIdentifier>{7057c8db-8063-41c8-be96-e4a64c50b9ae}</UniqueIdentifier>
    </Filter>
    <Filter Include="Source Files\Tests">
      <UniqueIdentifier>{0f729e55-3bea-482c-91a4-eafcdb6a9a2e}</UniqueIdentifier>
    </Filter>
    <Filter Include="Source Files\Database">
      <UniqueIdentifier>{7db83375-2457-4d79-a71b-5814c2b3100f}</UniqueIdentifier>
    </Filter>
    <Filter Include="Source Files\Controllers">
      <UniqueIdentifier>{87343811-3d16-4235-a56e-2aa8366549f5}</UniqueIdentifier>
    </Filter>
    <Filter Include="Source Files\Modals">
      <UniqueIdentifier>{926418e8-d373-4e52-9472-d8ce70e1da02}</UniqueIdentifier>
    </Filter>
    <Filter Include="Source Files\Printers">
      <UniqueIdentifier>{f53624c8-c0cf-4c54-9580-696b311939d6}</UniqueIdentifier>
    </Filter>
    <Filter Include="Source Files\Batch">
      <UniqueIdentifier>{7207c400-ccce-449f-aa77-5469ed6efef5}</UniqueIdentifier>
    </Filter>
  </ItemGroup>
  <ItemGroup>
    <ClCompile Include="main.cpp">
      <Filter>Source Files</Filter>
    </ClCompile>
    <ClCompile Include="sqlite3.c">
      <Filter>Source Files\SQLite3</Filter>
    </ClCompile>
    <ClCompile Include="Constants.h">
      <Filter>Header Files</Filter>
    </ClCompile>
    <ClCompile Include="Store.cpp">
      <Filter>Source Files\DB Models</Filter>
    </ClCompile>
    <ClCompile Include="User.cpp">
      <Filter>Source Files\DB Models</Filter>
    </ClCompile>
    <ClCompile Include="Utils\ASCIIBlockM.cpp">
      <Filter>Source Files\Utils</Filter>
    </ClCompile>
    <ClCompile Include="Item.cpp">
      <Filter>Source Files\DB Models</Filter>
    </ClCompile>
    <ClCompile Include="Prescription.cpp">
      <Filter>Source Files\DB Models</Filter>
    </ClCompile>
    <ClCompile Include="Inventory.cpp">
      <Filter>Source Files\DB Models</Filter>
    </ClCompile>
    <ClCompile Include="Tests\DatabaseManagerTests.cpp">
      <Filter>Source Files\Tests</Filter>
    </ClCompile>
    <ClCompile Include="Review.cpp">
      <Filter>Source Files\DB Models</Filter>
    </ClCompile>
    <ClCompile Include="Purchase.cpp">
      <Filter>Source Files\DB Models</Filter>
    </ClCompile>
    <ClCompile Include="Discount.cpp">
      <Filter>Source Files\DB Models</Filter>
    </ClCompile>
    <ClCompile Include="AddItem.cpp">
      <Filter>Source Files\DB Models</Filter>
    </ClCompile>
    <ClCompile Include="DatabaseManager.cpp">
      <Filter>Source Files\Database</Filter>
    </ClCompile>
    <ClCompile Include="DatabaseUtils.cpp">
      <Filter>Source Files\Database</Filter>
    </ClCompile>
    <ClCompile Include="CommandUtils.cpp">
      <Filter>Source Files\Utils</Filter>
    </ClCompile>
    <ClCompile Include="DiscountController.cpp">
      <Filter>Source Files\Controllers</Filter>
    </ClCompile>
    <ClCompile Include="LoginRegistrationController.cpp">
      <Filter>Source Files\Controllers</Filter>
    </ClCompile>
    <ClCompile Include="CommonUserPrompts.cpp">
      <Filter>Source Files\Utils</Filter>
    </ClCompile>
    <ClCompile Include="ReviewController.cpp">
      <Filter>Source Files\Controllers</Filter>
    </ClCompile>
    <ClCompile Include="PrescriptionController.cpp">
      <Filter>Source Files\Controllers</Filter>
    </ClCompile>
    <ClCompile Include="ReorderController.cpp">
      <Filter>Source Files\Controllers</Filter>
    </ClCompile>
    <ClCompile Include="ManageStore.cpp">
      <Filter>Source Files\Controllers</Filter>
    </ClCompile>
    <ClCompile Include="ManageItem.cpp">
      <Filter>Source Files\Controllers</Filter>
    </ClCompile>
    <ClCompile Include="Sale.cpp">
      <Filter>Source Files\Modals</Filter>
    </ClCompile>
    <ClCompile Include="Date.cpp">
      <Filter>Source Files\Modals</Filter>
    </ClCompile>
    <ClCompile Include="PurchaseHistoryTablePrinter.cpp">
      <Filter>Source Files\Printers</Filter>
    </ClCompile>
    <ClCompile Include="ItemTablePrinter.cpp">
      <Filter>Source Files\Printers</Filter>
    </ClCompile>
    <ClCompile Include="BatchProcesses.cpp">
      <Filter>Source Files\Batch</Filter>
    </ClCompile>
    <ClCompile Include="StoresTablePrinter.cpp">
      <Filter>Source Files\Printers</Filter>
    </ClCompile>
    <ClCompile Include="ManageInventory.cpp">
      <Filter>Source Files\Controllers</Filter>
    </ClCompile>
  </ItemGroup>
  <ItemGroup>
    <ClInclude Include="sqlite3.h">
      <Filter>Source Files\SQLite3</Filter>
    </ClInclude>
    <ClInclude Include="main.h">
      <Filter>Header Files</Filter>
    </ClInclude>
    <ClInclude Include="DatabaseManager.h">
      <Filter>Header Files</Filter>
    </ClInclude>
    <ClInclude Include="DatabaseManagerTests.h">
      <Filter>Header Files</Filter>
    </ClInclude>
    <ClInclude Include="DatabaseUtils.h">
      <Filter>Header Files</Filter>
    </ClInclude>
    <ClInclude Include="BatchProcesses.h">
      <Filter>Header Files</Filter>
    </ClInclude>
  </ItemGroup>
</Project>